
Microsoft Visual Studio Solution File, Format Version 12.00
# Visual Studio Version 16
VisualStudioVersion = 16.0.31321.278
MinimumVisualStudioVersion = 10.0.40219.1
Project("{FAE04EC0-301F-11D3-BF4B-00C04F79EFBC}") = "trinhthuhuong-01", "trinhthuhuong-01\trinhthuhuong-01.csproj", "{32F8E72D-AAD1-4007-8082-0B761193A36C}"
EndProject
Global
	GlobalSection(SolutionConfigurationPlatforms) = preSolution
		Debug|Any CPU = Debug|Any CPU
		Release|Any CPU = Release|Any CPU
	EndGlobalSection
	GlobalSection(ProjectConfigurationPlatforms) = postSolution
		{32F8E72D-AAD1-4007-8082-0B761193A36C}.Debug|Any CPU.ActiveCfg = Debug|Any CPU
		{32F8E72D-AAD1-4007-8082-0B761193A36C}.Debug|Any CPU.Build.0 = Debug|Any CPU
		{32F8E72D-AAD1-4007-8082-0B761193A36C}.Release|Any CPU.ActiveCfg = Release|Any CPU
		{32F8E72D-AAD1-4007-8082-0B761193A36C}.Release|Any CPU.Build.0 = Release|Any CPU
	EndGlobalSection
	GlobalSection(SolutionProperties) = preSolution
		HideSolutionNode = FALSE
	EndGlobalSection
	GlobalSection(ExtensibilityGlobals) = postSolution
		SolutionGuid = {31AD9199-EF94-4666-B7FA-05954FF8428F}
	EndGlobalSection
EndGlobal
